// !$*UTF8*$!
{
	archiveVersion = 1;
	classes = {
	};
	objectVersion = 46;
	objects = {

/* Begin PBXBuildFile section */
		8217F9171D791276006393F2 /* AppDelegate.swift in Sources */ = {isa = PBXBuildFile; fileRef = 8217F9161D791276006393F2 /* AppDelegate.swift */; };
		8217F9191D791276006393F2 /* ViewController.swift in Sources */ = {isa = PBXBuildFile; fileRef = 8217F9181D791276006393F2 /* ViewController.swift */; };
		8217F91C1D791276006393F2 /* Main.storyboard in Resources */ = {isa = PBXBuildFile; fileRef = 8217F91A1D791276006393F2 /* Main.storyboard */; };
		8217F91F1D791276006393F2 /* Swift_OC_bridge.xcdatamodeld in Sources */ = {isa = PBXBuildFile; fileRef = 8217F91D1D791276006393F2 /* Swift_OC_bridge.xcdatamodeld */; };
		8217F9211D791276006393F2 /* Assets.xcassets in Resources */ = {isa = PBXBuildFile; fileRef = 8217F9201D791276006393F2 /* Assets.xcassets */; };
		8217F9241D791276006393F2 /* LaunchScreen.storyboard in Resources */ = {isa = PBXBuildFile; fileRef = 8217F9221D791276006393F2 /* LaunchScreen.storyboard */; };
		8217F92E1D7912BE006393F2 /* OCTool.m in Sources */ = {isa = PBXBuildFile; fileRef = 8217F92D1D7912BE006393F2 /* OCTool.m */; };
/* End PBXBuildFile section */

/* Begin PBXFileReference section */
		8217F9131D791275006393F2 /* Swift_OC_bridge.app */ = {isa = PBXFileReference; explicitFileType = wrapper.application; includeInIndex = 0; path = Swift_OC_bridge.app; sourceTree = BUILT_PRODUCTS_DIR; };
		8217F9161D791276006393F2 /* AppDelegate.swift */ = {isa = PBXFileReference; lastKnownFileType = sourcecode.swift; path = AppDelegate.swift; sourceTree = "<group>"; };
		8217F9181D791276006393F2 /* ViewController.swift */ = {isa = PBXFileReference; lastKnownFileType = sourcecode.swift; path = ViewController.swift; sourceTree = "<group>"; };
		8217F91B1D791276006393F2 /* Base */ = {isa = PBXFileReference; lastKnownFileType = file.storyboard; name = Base; path = Base.lproj/Main.storyboard; sourceTree = "<group>"; };
		8217F91E1D791276006393F2 /* Swift_OC_bridge.xcdatamodel */ = {isa = PBXFileReference; lastKnownFileType = wrapper.xcdatamodel; path = Swift_OC_bridge.xcdatamodel; sourceTree = "<group>"; };
		8217F9201D791276006393F2 /* Assets.xcassets */ = {isa = PBXFileReference; lastKnownFileType = folder.assetcatalog; path = Assets.xcassets; sourceTree = "<group>"; };
		8217F9231D791276006393F2 /* Base */ = {isa = PBXFileReference; lastKnownFileType = file.storyboard; name = Base; path = Base.lproj/LaunchScreen.storyboard; sourceTree = "<group>"; };
		8217F9251D791276006393F2 /* Info.plist */ = {isa = PBXFileReference; lastKnownFileType = text.plist.xml; path = Info.plist; sourceTree = "<group>"; };
		8217F92B1D7912BE006393F2 /* Swift_OC_bridge-Bridging-Header.h */ = {isa = PBXFileReference; lastKnownFileType = sourcecode.c.h; path = "Swift_OC_bridge-Bridging-Header.h"; sourceTree = "<group>"; };
		8217F92C1D7912BE006393F2 /* OCTool.h */ = {isa = PBXFileReference; fileEncoding = 4; lastKnownFileType = sourcecode.c.h; path = OCTool.h; sourceTree = "<group>"; };
		8217F92D1D7912BE006393F2 /* OCTool.m */ = {isa = PBXFileReference; fileEncoding = 4; lastKnownFileType = sourcecode.c.objc; path = OCTool.m; sourceTree = "<group>"; };
/* End PBXFileReference section */

/* Begin PBXFrameworksBuildPhase section */
		8217F9101D791275006393F2 /* Frameworks */ = {
			isa = PBXFrameworksBuildPhase;
			buildActionMask = 2147483647;
			files = (
			);
			runOnlyForDeploymentPostprocessing = 0;
		};
/* End PBXFrameworksBuildPhase section */

/* Begin PBXGroup section */
		8217F90A1D791275006393F2 = {
			isa = PBXGroup;
			children = (
				8217F9151D791276006393F2 /* Swift_OC_bridge */,
				8217F9141D791275006393F2 /* Products */,
			);
			sourceTree = "<group>";
		};
		8217F9141D791275006393F2 /* Products */ = {
			isa = PBXGroup;
			children = (
				8217F9131D791275006393F2 /* Swift_OC_bridge.app */,
			);
			name = Products;
			sourceTree = "<group>";
		};
		8217F9151D791276006393F2 /* Swift_OC_bridge */ = {
			isa = PBXGroup;
			children = (
				8217F9161D791276006393F2 /* AppDelegate.swift */,
				8217F9181D791276006393F2 /* ViewController.swift */,
				8217F92C1D7912BE006393F2 /* OCTool.h */,
				8217F92D1D7912BE006393F2 /* OCTool.m */,
				8217F91A1D791276006393F2 /* Main.storyboard */,
				8217F9201D791276006393F2 /* Assets.xcassets */,
				8217F9221D791276006393F2 /* LaunchScreen.storyboard */,
				8217F9251D791276006393F2 /* Info.plist */,
				8217F91D1D791276006393F2 /* Swift_OC_bridge.xcdatamodeld */,
				8217F92B1D7912BE006393F2 /* Swift_OC_bridge-Bridging-Header.h */,
			);
			path = Swift_OC_bridge;
			sourceTree = "<group>";
		};
/* End PBXGroup section */

/* Begin PBXNativeTarget section */
		8217F9121D791275006393F2 /* Swift_OC_bridge */ = {
			isa = PBXNativeTarget;
			buildConfigurationList = 8217F9281D791276006393F2 /* Build configuration list for PBXNativeTarget "Swift_OC_bridge" */;
			buildPhases = (
				8217F90F1D791275006393F2 /* Sources */,
				8217F9101D791275006393F2 /* Frameworks */,
				8217F9111D791275006393F2 /* Resources */,
			);
			buildRules = (
			);
			dependencies = (
			);
			name = Swift_OC_bridge;
			productName = Swift_OC_bridge;
			productReference = 8217F9131D791275006393F2 /* Swift_OC_bridge.app */;
			productType = "com.apple.product-type.application";
		};
/* End PBXNativeTarget section */

/* Begin PBXProject section */
		8217F90B1D791275006393F2 /* Project object */ = {
			isa = PBXProject;
			attributes = {
				LastSwiftUpdateCheck = 0730;
				LastUpgradeCheck = 0730;
				ORGANIZATIONNAME = ChuangHu;
				TargetAttributes = {
					8217F9121D791275006393F2 = {
						CreatedOnToolsVersion = 7.3.1;
					};
				};
			};
			buildConfigurationList = 8217F90E1D791275006393F2 /* Build configuration list for PBXProject "Swift_OC_bridge" */;
			compatibilityVersion = "Xcode 3.2";
			developmentRegion = English;
			hasScannedForEncodings = 0;
			knownRegions = (
				en,
				Base,
			);
			mainGroup = 8217F90A1D791275006393F2;
			productRefGroup = 8217F9141D791275006393F2 /* Products */;
			projectDirPath = "";
			projectRoot = "";
			targets = (
				8217F9121D791275006393F2 /* Swift_OC_bridge */,
			);
		};
/* End PBXProject section */

/* Begin PBXResourcesBuildPhase section */
		8217F9111D791275006393F2 /* Resources */ = {
			isa = PBXResourcesBuildPhase;
			buildActionMask = 2147483647;
			files = (
				8217F9241D791276006393F2 /* LaunchScreen.storyboard in Resources */,
				8217F9211D791276006393F2 /* Assets.xcassets in Resources */,
				8217F91C1D791276006393F2 /* Main.storyboard in Resources */,
			);
			runOnlyForDeploymentPostprocessing = 0;
		};
/* End PBXResourcesBuildPhase section */

/* Begin PBXSourcesBuildPhase section */
		8217F90F1D791275006393F2 /* Sources */ = {
			isa = PBXSourcesBuildPhase;
			buildActionMask = 2147483647;
			files = (
				8217F9191D791276006393F2 /* ViewController.swift in Sources */,
				8217F91F1D791276006393F2 /* Swift_OC_bridge.xcdatamodeld in Sources */,
				8217F9171D791276006393F2 /* AppDelegate.swift in Sources */,
				8217F92E1D7912BE006393F2 /* OCTool.m in Sources */,
			);
			runOnlyForDeploymentPostprocessing = 0;
		};
/* End PBXSourcesBuildPhase section */

/* Begin PBXVariantGroup section */
		8217F91A1D791276006393F2 /* Main.storyboard */ = {
			isa = PBXVariantGroup;
			children = (
				8217F91B1D791276006393F2 /* Base */,
			);
			name = Main.storyboard;
			sourceTree = "<group>";
		};
		8217F9221D791276006393F2 /* LaunchScreen.storyboard */ = {
			isa = PBXVariantGroup;
			children = (
				8217F9231D791276006393F2 /* Base */,
			);
			name = LaunchScreen.storyboard;
			sourceTree = "<group>";
		};
/* End PBXVariantGroup section */

/* Begin XCBuildConfiguration section */
		8217F9261D791276006393F2 /* Debug */ = {
			isa = XCBuildConfiguration;
			buildSettings = {
				ALWAYS_SEARCH_USER_PATHS = NO;
				CLANG_ANALYZER_NONNULL = YES;
				CLANG_CXX_LANGUAGE_STANDARD = "gnu++0x";
				CLANG_CXX_LIBRARY = "libc++";
				CLANG_ENABLE_MODULES = YES;
				CLANG_ENABLE_OBJC_ARC = YES;
				CLANG_WARN_BOOL_CONVERSION = YES;
				CLANG_WARN_CONSTANT_CONVERSION = YES;
				CLANG_WARN_DIRECT_OBJC_ISA_USAGE = YES_ERROR;
				CLANG_WARN_EMPTY_BODY = YES;
				CLANG_WARN_ENUM_CONVERSION = YES;
				CLANG_WARN_INT_CONVERSION = YES;
				CLANG_WARN_OBJC_ROOT_CLASS = YES_ERROR;
				CLANG_WARN_UNREACHABLE_CODE = YES;
				CLANG_WARN__DUPLICATE_METHOD_MATCH = YES;
				"CODE_SIGN_IDENTITY[sdk=iphoneos*]" = "iPhone Developer";
				COPY_PHASE_STRIP = NO;
				DEBUG_INFORMATION_FORMAT = dwarf;
				ENABLE_STRICT_OBJC_MSGSEND = YES;
				ENABLE_TESTABILITY = YES;
				GCC_C_LANGUAGE_STANDARD = gnu99;
				GCC_DYNAMIC_NO_PIC = NO;
				GCC_NO_COMMON_BLOCKS = YES;
				GCC_OPTIMIZATION_LEVEL = 0;
				GCC_PREPROCESSOR_DEFINITIONS = (
					"DEBUG=1",
					"$(inherited)",
				);
				GCC_WARN_64_TO_32_BIT_CONVERSION = YES;
				GCC_WARN_ABOUT_RETURN_TYPE = YES_ERROR;
				GCC_WARN_UNDECLARED_SELECTOR = YES;
				GCC_WARN_UNINITIALIZED_AUTOS = YES_AGGRESSIVE;
				GCC_WARN_UNUSED_FUNCTION = YES;
				GCC_WARN_UNUSED_VARIABLE = YES;
				IPHONEOS_DEPLOYMENT_TARGET = 9.3;
				MTL_ENABLE_DEBUG_INFO = YES;
				ONLY_ACTIVE_ARCH = YES;
				SDKROOT = iphoneos;
				SWIFT_OPTIMIZATION_LEVEL = "-Onone";
				TARGETED_DEVICE_FAMILY = "1,2";
			};
			name = Debug;
		};
		8217F9271D791276006393F2 /* Release */ = {
			isa = XCBuildConfiguration;
			buildSettings = {
				ALWAYS_SEARCH_USER_PATHS = NO;
				CLANG_ANALYZER_NONNULL = YES;
				CLANG_CXX_LANGUAGE_STANDARD = "gnu++0x";
				CLANG_CXX_LIBRARY = "libc++";
				CLANG_ENABLE_MODULES = YES;
				CLANG_ENABLE_OBJC_ARC = YES;
				CLANG_WARN_BOOL_CONVERSION = YES;
				CLANG_WARN_CONSTANT_CONVERSION = YES;
				CLANG_WARN_DIRECT_OBJC_ISA_USAGE = YES_ERROR;
				CLANG_WARN_EMPTY_BODY = YES;
				CLANG_WARN_ENUM_CONVERSION = YES;
				CLANG_WARN_INT_CONVERSION = YES;
				CLANG_WARN_OBJC_ROOT_CLASS = YES_ERROR;
				CLANG_WARN_UNREACHABLE_CODE = YES;
				CLANG_WARN__DUPLICATE_METHOD_MATCH = YES;
				"CODE_SIGN_IDENTITY[sdk=iphoneos*]" = "iPhone Developer";
				COPY_PHASE_STRIP = NO;
				DEBUG_INFORMATION_FORMAT = "dwarf-with-dsym";
				ENABLE_NS_ASSERTIONS = NO;
				ENABLE_STRICT_OBJC_MSGSEND = YES;
				GCC_C_LANGUAGE_STANDARD = gnu99;
				GCC_NO_COMMON_BLOCKS = YES;
				GCC_WARN_64_TO_32_BIT_CONVERSION = YES;
				GCC_WARN_ABOUT_RETURN_TYPE = YES_ERROR;
				GCC_WARN_UNDECLARED_SELECTOR = YES;
				GCC_WARN_UNINITIALIZED_AUTOS = YES_AGGRESSIVE;
				GCC_WARN_UNUSED_FUNCTION = YES;
				GCC_WARN_UNUSED_VARIABLE = YES;
				IPHONEOS_DEPLOYMENT_TARGET = 9.3;
				MTL_ENABLE_DEBUG_INFO = NO;
				SDKROOT = iphoneos;
				TARGETED_DEVICE_FAMILY = "1,2";
				VALIDATE_PRODUCT = YES;
			};
			name = Release;
		};
		8217F9291D791276006393F2 /* Debug */ = {
			isa = XCBuildConfiguration;
			buildSettings = {
				ASSETCATALOG_COMPILER_APPICON_NAME = AppIcon;
				CLANG_ENABLE_MODULES = YES;
				INFOPLIST_FILE = Swift_OC_bridge/Info.plist;
				LD_RUNPATH_SEARCH_PATHS = "$(inherited) @executable_path/Frameworks";
				PRODUCT_BUNDLE_IDENTIFIER = "com.chuanghu.Swift-OC-bridge";
				PRODUCT_NAME = "$(TARGET_NAME)";
				SWIFT_OBJC_BRIDGING_HEADER = "Swift_OC_bridge/Swift_OC_bridge-Bridging-Header.h";
				SWIFT_OPTIMIZATION_LEVEL = "-Onone";
			};
			name = Debug;
		};
		8217F92A1D791276006393F2 /* Release */ = {
			isa = XCBuildConfiguration;
			buildSettings = {
				ASSETCATALOG_COMPILER_APPICON_NAME = AppIcon;
				CLANG_ENABLE_MODULES = YES;
				INFOPLIST_FILE = Swift_OC_bridge/Info.plist;
				LD_RUNPATH_SEARCH_PATHS = "$(inherited) @executable_path/Frameworks";
				PRODUCT_BUNDLE_IDENTIFIER = "com.chuanghu.Swift-OC-bridge";
				PRODUCT_NAME = "$(TARGET_NAME)";
				SWIFT_OBJC_BRIDGING_HEADER = "Swift_OC_bridge/Swift_OC_bridge-Bridging-Header.h";
			};
			name = Release;
		};
/* End XCBuildConfiguration section */

/* Begin XCConfigurationList section */
		8217F90E1D791275006393F2 /* Build configuration list for PBXProject "Swift_OC_bridge" */ = {
			isa = XCConfigurationList;
			buildConfigurations = (
				8217F9261D791276006393F2 /* Debug */,
				8217F9271D791276006393F2 /* Release */,
			);
			defaultConfigurationIsVisible = 0;
			defaultConfigurationName = Release;
		};
		8217F9281D791276006393F2 /* Build configuration list for PBXNativeTarget "Swift_OC_bridge" */ = {
			isa = XCConfigurationList;
			buildConfigurations = (
				8217F9291D791276006393F2 /* Debug */,
				8217F92A1D791276006393F2 /* Release */,
			);
			defaultConfigurationIsVisible = 0;
		};
/* End XCConfigurationList section */

/* Begin XCVersionGroup section */
		8217F91D1D791276006393F2 /* Swift_OC_bridge.xcdatamodeld */ = {
			isa = XCVersionGroup;
			children = (
				8217F91E1D791276006393F2 /* Swift_OC_bridge.xcdatamodel */,
			);
			currentVersion = 8217F91E1D791276006393F2 /* Swift_OC_bridge.xcdatamodel */;
			path = Swift_OC_bridge.xcdatamodeld;
			sourceTree = "<group>";
			versionGroupType = wrapper.xcdatamodel;
		};
/* End XCVersionGroup section */
	};
	rootObject = 8217F90B1D791275006393F2 /* Project object */;
}
